
Microsoft Visual Studio Solution File, Format Version 12.00
# Visual Studio Version 16
VisualStudioVersion = 16.0.29519.181
MinimumVisualStudioVersion = 10.0.40219.1
Project("{2150E333-8FDC-42A3-9474-1A3956D46DE8}") = "UI", "UI", "{F2D57284-ADEB-4329-89E7-AA37F5519564}"
EndProject
Project("{2150E333-8FDC-42A3-9474-1A3956D46DE8}") = "Services", "Services", "{76194C52-AA83-41C6-82B5-0C5629C05D38}"
EndProject
Project("{2150E333-8FDC-42A3-9474-1A3956D46DE8}") = "Common", "Common", "{4D61F1FA-D3C9-48C0-B28D-8F0F1C4659CD}"
EndProject
Project("{9A19103F-16F7-4668-BE54-9A1E7A4F7556}") = "WebStore.DomainNew", "Common\WebStore.DomainNew\WebStore.DomainNew.csproj", "{D2F93594-9BC2-4A90-8796-B787C61F5A08}"
EndProject
Project("{9A19103F-16F7-4668-BE54-9A1E7A4F7556}") = "WebStore.DAL", "Services\WebStore.DAL\WebStore.DAL.csproj", "{B9273FE8-5BAE-4CEF-BD2C-C36AEFF8A6D8}"
EndProject
Project("{9A19103F-16F7-4668-BE54-9A1E7A4F7556}") = "WebStore", "UI\WebStore\WebStore.csproj", "{E167536D-767E-458E-8A10-A9CC3870880F}"
EndProject
Project("{FAE04EC0-301F-11D3-BF4B-00C04F79EFBC}") = "WebStore.Services", "Services\WebStore.Services\WebStore.Services.csproj", "{B96D7659-B918-48B7-B67B-B614B552AD63}"
EndProject
Project("{FAE04EC0-301F-11D3-BF4B-00C04F79EFBC}") = "WebStore.Interfaces", "WebStore.Interfaces\WebStore.Interfaces.csproj", "{7846BF08-5CF4-4638-974A-E55F0DA65325}"
EndProject
Project("{FAE04EC0-301F-11D3-BF4B-00C04F79EFBC}") = "WebStore.Clients", "Services\WebStore.Clients\WebStore.Clients.csproj", "{59A5661A-6944-436A-9DDC-415885D6276C}"
EndProject
Project("{FAE04EC0-301F-11D3-BF4B-00C04F79EFBC}") = "WebStore.ServicesHosting", "Services\WebStore.ServicesHosting\WebStore.ServicesHosting.csproj", "{BB4B9579-4A03-40BD-9108-09817703049B}"
EndProject
Global
	GlobalSection(SolutionConfigurationPlatforms) = preSolution
		Debug|Any CPU = Debug|Any CPU
		Release|Any CPU = Release|Any CPU
	EndGlobalSection
	GlobalSection(ProjectConfigurationPlatforms) = postSolution
		{D2F93594-9BC2-4A90-8796-B787C61F5A08}.Debug|Any CPU.ActiveCfg = Debug|Any CPU
		{D2F93594-9BC2-4A90-8796-B787C61F5A08}.Debug|Any CPU.Build.0 = Debug|Any CPU
		{D2F93594-9BC2-4A90-8796-B787C61F5A08}.Release|Any CPU.ActiveCfg = Release|Any CPU
		{D2F93594-9BC2-4A90-8796-B787C61F5A08}.Release|Any CPU.Build.0 = Release|Any CPU
		{B9273FE8-5BAE-4CEF-BD2C-C36AEFF8A6D8}.Debug|Any CPU.ActiveCfg = Debug|Any CPU
		{B9273FE8-5BAE-4CEF-BD2C-C36AEFF8A6D8}.Debug|Any CPU.Build.0 = Debug|Any CPU
		{B9273FE8-5BAE-4CEF-BD2C-C36AEFF8A6D8}.Release|Any CPU.ActiveCfg = Release|Any CPU
		{B9273FE8-5BAE-4CEF-BD2C-C36AEFF8A6D8}.Release|Any CPU.Build.0 = Release|Any CPU
		{E167536D-767E-458E-8A10-A9CC3870880F}.Debug|Any CPU.ActiveCfg = Debug|Any CPU
		{E167536D-767E-458E-8A10-A9CC3870880F}.Debug|Any CPU.Build.0 = Debug|Any CPU
		{E167536D-767E-458E-8A10-A9CC3870880F}.Release|Any CPU.ActiveCfg = Release|Any CPU
		{E167536D-767E-458E-8A10-A9CC3870880F}.Release|Any CPU.Build.0 = Release|Any CPU
		{B96D7659-B918-48B7-B67B-B614B552AD63}.Debug|Any CPU.ActiveCfg = Debug|Any CPU
		{B96D7659-B918-48B7-B67B-B614B552AD63}.Debug|Any CPU.Build.0 = Debug|Any CPU
		{B96D7659-B918-48B7-B67B-B614B552AD63}.Release|Any CPU.ActiveCfg = Release|Any CPU
		{B96D7659-B918-48B7-B67B-B614B552AD63}.Release|Any CPU.Build.0 = Release|Any CPU
		{7846BF08-5CF4-4638-974A-E55F0DA65325}.Debug|Any CPU.ActiveCfg = Debug|Any CPU
		{7846BF08-5CF4-4638-974A-E55F0DA65325}.Debug|Any CPU.Build.0 = Debug|Any CPU
		{7846BF08-5CF4-4638-974A-E55F0DA65325}.Release|Any CPU.ActiveCfg = Release|Any CPU
		{7846BF08-5CF4-4638-974A-E55F0DA65325}.Release|Any CPU.Build.0 = Release|Any CPU
		{59A5661A-6944-436A-9DDC-415885D6276C}.Debug|Any CPU.ActiveCfg = Debug|Any CPU
		{59A5661A-6944-436A-9DDC-415885D6276C}.Debug|Any CPU.Build.0 = Debug|Any CPU
		{59A5661A-6944-436A-9DDC-415885D6276C}.Release|Any CPU.ActiveCfg = Release|Any CPU
		{59A5661A-6944-436A-9DDC-415885D6276C}.Release|Any CPU.Build.0 = Release|Any CPU
		{BB4B9579-4A03-40BD-9108-09817703049B}.Debug|Any CPU.ActiveCfg = Debug|Any CPU
		{BB4B9579-4A03-40BD-9108-09817703049B}.Debug|Any CPU.Build.0 = Debug|Any CPU
		{BB4B9579-4A03-40BD-9108-09817703049B}.Release|Any CPU.ActiveCfg = Release|Any CPU
		{BB4B9579-4A03-40BD-9108-09817703049B}.Release|Any CPU.Build.0 = Release|Any CPU
	EndGlobalSection
	GlobalSection(SolutionProperties) = preSolution
		HideSolutionNode = FALSE
	EndGlobalSection
	GlobalSection(NestedProjects) = preSolution
		{D2F93594-9BC2-4A90-8796-B787C61F5A08} = {4D61F1FA-D3C9-48C0-B28D-8F0F1C4659CD}
		{B9273FE8-5BAE-4CEF-BD2C-C36AEFF8A6D8} = {76194C52-AA83-41C6-82B5-0C5629C05D38}
		{E167536D-767E-458E-8A10-A9CC3870880F} = {F2D57284-ADEB-4329-89E7-AA37F5519564}
		{B96D7659-B918-48B7-B67B-B614B552AD63} = {76194C52-AA83-41C6-82B5-0C5629C05D38}
		{7846BF08-5CF4-4638-974A-E55F0DA65325} = {76194C52-AA83-41C6-82B5-0C5629C05D38}
		{59A5661A-6944-436A-9DDC-415885D6276C} = {76194C52-AA83-41C6-82B5-0C5629C05D38}
		{BB4B9579-4A03-40BD-9108-09817703049B} = {76194C52-AA83-41C6-82B5-0C5629C05D38}
	EndGlobalSection
	GlobalSection(ExtensibilityGlobals) = postSolution
		SolutionGuid = {A00C9B13-71EF-4C38-9547-4C95C5C510A1}
	EndGlobalSection
EndGlobal
